
Microsoft Visual Studio Solution File, Format Version 12.00
# Visual Studio Version 17
VisualStudioVersion = 17.11.35222.181
MinimumVisualStudioVersion = 10.0.40219.1
Project("{9A19103F-16F7-4668-BE54-9A1E7A4F7556}") = "AtulaHomeFurniture", "AtulaHomeFurniture.csproj", "{78725F98-D366-4868-A8DE-D27792BF340D}"
EndProject
Global
	GlobalSection(SolutionConfigurationPlatforms) = preSolution
		Debug|Any CPU = Debug|Any CPU
		Release|Any CPU = Release|Any CPU
	EndGlobalSection
	GlobalSection(ProjectConfigurationPlatforms) = postSolution
		{78725F98-D366-4868-A8DE-D27792BF340D}.Debug|Any CPU.ActiveCfg = Debug|Any CPU
		{78725F98-D366-4868-A8DE-D27792BF340D}.Debug|Any CPU.Build.0 = Debug|Any CPU
		{78725F98-D366-4868-A8DE-D27792BF340D}.Release|Any CPU.ActiveCfg = Release|Any CPU
		{78725F98-D366-4868-A8DE-D27792BF340D}.Release|Any CPU.Build.0 = Release|Any CPU
	EndGlobalSection
	GlobalSection(SolutionProperties) = preSolution
		HideSolutionNode = FALSE
	EndGlobalSection
	GlobalSection(ExtensibilityGlobals) = postSolution
		SolutionGuid = {B9DD4311-6EBE-400B-9CC1-80C5468DEA7A}
	EndGlobalSection
EndGlobal
